
Microsoft Visual Studio Solution File, Format Version 12.00
# Visual Studio Version 17
VisualStudioVersion = 17.2.32526.322
MinimumVisualStudioVersion = 10.0.40219.1
Project("{FAE04EC0-301F-11D3-BF4B-00C04F79EFBC}") = "WWProfileMaker.Domain", "src\WWProfileMaker.Domain\WWProfileMaker.Domain.csproj", "{C0B849E4-C6A2-40A8-8F8C-5028AEE6E452}"
EndProject
Global
	GlobalSection(SolutionConfigurationPlatforms) = preSolution
		Debug|Any CPU = Debug|Any CPU
		Release|Any CPU = Release|Any CPU
	EndGlobalSection
	GlobalSection(ProjectConfigurationPlatforms) = postSolution
		{C0B849E4-C6A2-40A8-8F8C-5028AEE6E452}.Debug|Any CPU.ActiveCfg = Debug|Any CPU
		{C0B849E4-C6A2-40A8-8F8C-5028AEE6E452}.Debug|Any CPU.Build.0 = Debug|Any CPU
		{C0B849E4-C6A2-40A8-8F8C-5028AEE6E452}.Release|Any CPU.ActiveCfg = Release|Any CPU
		{C0B849E4-C6A2-40A8-8F8C-5028AEE6E452}.Release|Any CPU.Build.0 = Release|Any CPU
	EndGlobalSection
	GlobalSection(SolutionProperties) = preSolution
		HideSolutionNode = FALSE
	EndGlobalSection
	GlobalSection(ExtensibilityGlobals) = postSolution
		SolutionGuid = {B56CF37E-9C7B-4802-B66E-368DCB200FBB}
	EndGlobalSection
EndGlobal
